{
  "name": "ago-1-chc-ops",
  "version": "0.1.0",
  "lockfileVersion": 3,
  "requires": true,
  "packages": {
    "": {
      "name": "ago-1-chc-ops",
      "version": "0.1.0",
      "workspaces": [
        "packages/*"
      ],
      "dependencies": {
        "ago-1-core": "file:../ago-1-core/ago-1-core-0.1.0.tgz",
        "ciag-ago-1": "file:../ciag-ago-1",
        "hospitality-ago-1": "file:../../hospitality-ago-1"
      },
      "devDependencies": {
        "typescript": "^5.5.4"
      }
    },
    "../../hospitality-ago-1": {
      "version": "0.1.0",
      "dependencies": {
        "ago-1-core": "file:../work/ago-1-core/ago-1-core-0.1.0.tgz"
      },
      "devDependencies": {
        "@types/node": "^25.0.10",
        "typescript": "^5.7.3"
      }
    },
    "../ciag-ago-1": {
      "version": "0.1.0",
      "devDependencies": {
        "@eslint/js": "^9.0.0",
        "@types/node": "^22.0.0",
        "eslint": "^9.0.0",
        "prettier": "^3.0.0",
        "typescript": "^5.0.0",
        "typescript-eslint": "^8.0.0"
      }
    },
    "node_modules/@chc/sentinel-core": {
      "resolved": "packages/sentinel-core",
      "link": true
    },
    "node_modules/ago-1-core": {
      "version": "0.1.0",
      "resolved": "file:../ago-1-core/ago-1-core-0.1.0.tgz",
      "integrity": "sha512-zALefJF2pgwaK35Rmg9RzqCA4lSSqfEN/tn/TuOVEa1zk8RCafJyQOKUIZQiEInQbFGkHo4FffVao/Hql3NpuA=="
    },
    "node_modules/ciag-ago-1": {
      "resolved": "../ciag-ago-1",
      "link": true
    },
    "node_modules/hospitality-ago-1": {
      "resolved": "../../hospitality-ago-1",
      "link": true
    },
    "node_modules/typescript": {
      "version": "5.9.3",
      "resolved": "https://registry.npmjs.org/typescript/-/typescript-5.9.3.tgz",
      "integrity": "sha512-jl1vZzPDinLr9eUt3J/t7V6FgNEw9QjvBPdysz9KfQDD41fQrC2Y4vKQdiaUpFT4bXlb1RHhLpp8wtm6M5TgSw==",
      "dev": true,
      "license": "Apache-2.0",
      "bin": {
        "tsc": "bin/tsc",
        "tsserver": "bin/tsserver"
      },
      "engines": {
        "node": ">=14.17"
      }
    },
    "packages/sentinel-core": {
      "name": "@chc/sentinel-core",
      "version": "0.0.1"
    }
  }
}
